// !$*UTF8*$!
{
	archiveVersion = 1;
	classes = {
	};
	objectVersion = 46;
	objects = {

/* Begin PBXBuildFile section */
		A6689CBA1F6A55080024BFBE /* main.m in Sources */ = {isa = PBXBuildFile; fileRef = A6689CB91F6A55080024BFBE /* main.m */; };
		A6689CBD1F6A55080024BFBE /* AppDelegate.m in Sources */ = {isa = PBXBuildFile; fileRef = A6689CBC1F6A55080024BFBE /* AppDelegate.m */; };
		A6689CC01F6A55080024BFBE /* ViewController.m in Sources */ = {isa = PBXBuildFile; fileRef = A6689CBF1F6A55080024BFBE /* ViewController.m */; };
		A6689CC31F6A55080024BFBE /* Main.storyboard in Resources */ = {isa = PBXBuildFile; fileRef = A6689CC11F6A55080024BFBE /* Main.storyboard */; };
		A6689CC51F6A55080024BFBE /* Assets.xcassets in Resources */ = {isa = PBXBuildFile; fileRef = A6689CC41F6A55080024BFBE /* Assets.xcassets */; };
		A6689CC81F6A55080024BFBE /* LaunchScreen.storyboard in Resources */ = {isa = PBXBuildFile; fileRef = A6689CC61F6A55080024BFBE /* LaunchScreen.storyboard */; };
		A6689CD31F6A55080024BFBE /* SZH_CameraDemoTests.m in Sources */ = {isa = PBXBuildFile; fileRef = A6689CD21F6A55080024BFBE /* SZH_CameraDemoTests.m */; };
		A6689CDE1F6A55080024BFBE /* SZH_CameraDemoUITests.m in Sources */ = {isa = PBXBuildFile; fileRef = A6689CDD1F6A55080024BFBE /* SZH_CameraDemoUITests.m */; };
		A6C31E361F6B5BA000A11A6E /* AVCaptureCustomPreview.m in Sources */ = {isa = PBXBuildFile; fileRef = A6C31E351F6B5BA000A11A6E /* AVCaptureCustomPreview.m */; };
		C9CF71F12BCAB5E44F6A77B3 /* libPods-SZH_CameraDemo.a in Frameworks */ = {isa = PBXBuildFile; fileRef = 5916ABE7E844B97B422834A6 /* libPods-SZH_CameraDemo.a */; };
/* End PBXBuildFile section */

/* Begin PBXContainerItemProxy section */
		A6689CCF1F6A55080024BFBE /* PBXContainerItemProxy */ = {
			isa = PBXContainerItemProxy;
			containerPortal = A6689CAD1F6A55080024BFBE /* Project object */;
			proxyType = 1;
			remoteGlobalIDString = A6689CB41F6A55080024BFBE;
			remoteInfo = SZH_CameraDemo;
		};
		A6689CDA1F6A55080024BFBE /* PBXContainerItemProxy */ = {
			isa = PBXContainerItemProxy;
			containerPortal = A6689CAD1F6A55080024BFBE /* Project object */;
			proxyType = 1;
			remoteGlobalIDString = A6689CB41F6A55080024BFBE;
			remoteInfo = SZH_CameraDemo;
		};
/* End PBXContainerItemProxy section */

/* Begin PBXFileReference section */
		17749EB1B599DC1EC71518A4 /* Pods-SZH_CameraDemo.release.xcconfig */ = {isa = PBXFileReference; includeInIndex = 1; lastKnownFileType = text.xcconfig; name = "Pods-SZH_CameraDemo.release.xcconfig"; path = "Pods/Target Support Files/Pods-SZH_CameraDemo/Pods-SZH_CameraDemo.release.xcconfig"; sourceTree = "<group>"; };
		509F6E763F46F70BB38EF19A /* Pods-SZH_CameraDemo.debug.xcconfig */ = {isa = PBXFileReference; includeInIndex = 1; lastKnownFileType = text.xcconfig; name = "Pods-SZH_CameraDemo.debug.xcconfig"; path = "Pods/Target Support Files/Pods-SZH_CameraDemo/Pods-SZH_CameraDemo.debug.xcconfig"; sourceTree = "<group>"; };
		5916ABE7E844B97B422834A6 /* libPods-SZH_CameraDemo.a */ = {isa = PBXFileReference; explicitFileType = archive.ar; includeInIndex = 0; path = "libPods-SZH_CameraDemo.a"; sourceTree = BUILT_PRODUCTS_DIR; };
		A6689CB51F6A55080024BFBE /* SZH_CameraDemo.app */ = {isa = PBXFileReference; explicitFileType = wrapper.application; includeInIndex = 0; path = SZH_CameraDemo.app; sourceTree = BUILT_PRODUCTS_DIR; };
		A6689CB91F6A55080024BFBE /* main.m */ = {isa = PBXFileReference; lastKnownFileType = sourcecode.c.objc; path = main.m; sourceTree = "<group>"; };
		A6689CBB1F6A55080024BFBE /* AppDelegate.h */ = {isa = PBXFileReference; lastKnownFileType = sourcecode.c.h; path = AppDelegate.h; sourceTree = "<group>"; };
		A6689CBC1F6A55080024BFBE /* AppDelegate.m */ = {isa = PBXFileReference; lastKnownFileType = sourcecode.c.objc; path = AppDelegate.m; sourceTree = "<group>"; };
		A6689CBE1F6A55080024BFBE /* ViewController.h */ = {isa = PBXFileReference; lastKnownFileType = sourcecode.c.h; path = ViewController.h; sourceTree = "<group>"; };
		A6689CBF1F6A55080024BFBE /* ViewController.m */ = {isa = PBXFileReference; lastKnownFileType = sourcecode.c.objc; path = ViewController.m; sourceTree = "<group>"; };
		A6689CC21F6A55080024BFBE /* Base */ = {isa = PBXFileReference; lastKnownFileType = file.storyboard; name = Base; path = Base.lproj/Main.storyboard; sourceTree = "<group>"; };
		A6689CC41F6A55080024BFBE /* Assets.xcassets */ = {isa = PBXFileReference; lastKnownFileType = folder.assetcatalog; path = Assets.xcassets; sourceTree = "<group>"; };
		A6689CC71F6A55080024BFBE /* Base */ = {isa = PBXFileReference; lastKnownFileType = file.storyboard; name = Base; path = Base.lproj/LaunchScreen.storyboard; sourceTree = "<group>"; };
		A6689CC91F6A55080024BFBE /* Info.plist */ = {isa = PBXFileReference; lastKnownFileType = text.plist.xml; path = Info.plist; sourceTree = "<group>"; };
		A6689CCE1F6A55080024BFBE /* SZH_CameraDemoTests.xctest */ = {isa = PBXFileReference; explicitFileType = wrapper.cfbundle; includeInIndex = 0; path = SZH_CameraDemoTests.xctest; sourceTree = BUILT_PRODUCTS_DIR; };
		A6689CD21F6A55080024BFBE /* SZH_CameraDemoTests.m */ = {isa = PBXFileReference; lastKnownFileType = sourcecode.c.objc; path = SZH_CameraDemoTests.m; sourceTree = "<group>"; };
		A6689CD41F6A55080024BFBE /* Info.plist */ = {isa = PBXFileReference; lastKnownFileType = text.plist.xml; path = Info.plist; sourceTree = "<group>"; };
		A6689CD91F6A55080024BFBE /* SZH_CameraDemoUITests.xctest */ = {isa = PBXFileReference; explicitFileType = wrapper.cfbundle; includeInIndex = 0; path = SZH_CameraDemoUITests.xctest; sourceTree = BUILT_PRODUCTS_DIR; };
		A6689CDD1F6A55080024BFBE /* SZH_CameraDemoUITests.m */ = {isa = PBXFileReference; lastKnownFileType = sourcecode.c.objc; path = SZH_CameraDemoUITests.m; sourceTree = "<group>"; };
		A6689CDF1F6A55080024BFBE /* Info.plist */ = {isa = PBXFileReference; lastKnownFileType = text.plist.xml; path = Info.plist; sourceTree = "<group>"; };
		A6C31E341F6B5BA000A11A6E /* AVCaptureCustomPreview.h */ = {isa = PBXFileReference; fileEncoding = 4; lastKnownFileType = sourcecode.c.h; path = AVCaptureCustomPreview.h; sourceTree = "<group>"; };
		A6C31E351F6B5BA000A11A6E /* AVCaptureCustomPreview.m */ = {isa = PBXFileReference; fileEncoding = 4; lastKnownFileType = sourcecode.c.objc; path = AVCaptureCustomPreview.m; sourceTree = "<group>"; };
/* End PBXFileReference section */

/* Begin PBXFrameworksBuildPhase section */
		A6689CB21F6A55080024BFBE /* Frameworks */ = {
			isa = PBXFrameworksBuildPhase;
			buildActionMask = 2147483647;
			files = (
				C9CF71F12BCAB5E44F6A77B3 /* libPods-SZH_CameraDemo.a in Frameworks */,
			);
			runOnlyForDeploymentPostprocessing = 0;
		};
		A6689CCB1F6A55080024BFBE /* Frameworks */ = {
			isa = PBXFrameworksBuildPhase;
			buildActionMask = 2147483647;
			files = (
			);
			runOnlyForDeploymentPostprocessing = 0;
		};
		A6689CD61F6A55080024BFBE /* Frameworks */ = {
			isa = PBXFrameworksBuildPhase;
			buildActionMask = 2147483647;
			files = (
			);
			runOnlyForDeploymentPostprocessing = 0;
		};
/* End PBXFrameworksBuildPhase section */

/* Begin PBXGroup section */
		A6689CAC1F6A55080024BFBE = {
			isa = PBXGroup;
			children = (
				A6689CB71F6A55080024BFBE /* SZH_CameraDemo */,
				A6689CD11F6A55080024BFBE /* SZH_CameraDemoTests */,
				A6689CDC1F6A55080024BFBE /* SZH_CameraDemoUITests */,
				A6689CB61F6A55080024BFBE /* Products */,
				F107ADCE324185F4273D1BA6 /* Pods */,
				F1AFBBF224CC43FCF959A76B /* Frameworks */,
			);
			sourceTree = "<group>";
		};
		A6689CB61F6A55080024BFBE /* Products */ = {
			isa = PBXGroup;
			children = (
				A6689CB51F6A55080024BFBE /* SZH_CameraDemo.app */,
				A6689CCE1F6A55080024BFBE /* SZH_CameraDemoTests.xctest */,
				A6689CD91F6A55080024BFBE /* SZH_CameraDemoUITests.xctest */,
			);
			name = Products;
			sourceTree = "<group>";
		};
		A6689CB71F6A55080024BFBE /* SZH_CameraDemo */ = {
			isa = PBXGroup;
			children = (
				A6689CBB1F6A55080024BFBE /* AppDelegate.h */,
				A6689CBC1F6A55080024BFBE /* AppDelegate.m */,
				A6689CBE1F6A55080024BFBE /* ViewController.h */,
				A6689CBF1F6A55080024BFBE /* ViewController.m */,
				A6C31E341F6B5BA000A11A6E /* AVCaptureCustomPreview.h */,
				A6C31E351F6B5BA000A11A6E /* AVCaptureCustomPreview.m */,
				A6689CC11F6A55080024BFBE /* Main.storyboard */,
				A6689CC41F6A55080024BFBE /* Assets.xcassets */,
				A6689CC61F6A55080024BFBE /* LaunchScreen.storyboard */,
				A6689CC91F6A55080024BFBE /* Info.plist */,
				A6689CB81F6A55080024BFBE /* Supporting Files */,
			);
			path = SZH_CameraDemo;
			sourceTree = "<group>";
		};
		A6689CB81F6A55080024BFBE /* Supporting Files */ = {
			isa = PBXGroup;
			children = (
				A6689CB91F6A55080024BFBE /* main.m */,
			);
			name = "Supporting Files";
			sourceTree = "<group>";
		};
		A6689CD11F6A55080024BFBE /* SZH_CameraDemoTests */ = {
			isa = PBXGroup;
			children = (
				A6689CD21F6A55080024BFBE /* SZH_CameraDemoTests.m */,
				A6689CD41F6A55080024BFBE /* Info.plist */,
			);
			path = SZH_CameraDemoTests;
			sourceTree = "<group>";
		};
		A6689CDC1F6A55080024BFBE /* SZH_CameraDemoUITests */ = {
			isa = PBXGroup;
			children = (
				A6689CDD1F6A55080024BFBE /* SZH_CameraDemoUITests.m */,
				A6689CDF1F6A55080024BFBE /* Info.plist */,
			);
			path = SZH_CameraDemoUITests;
			sourceTree = "<group>";
		};
		F107ADCE324185F4273D1BA6 /* Pods */ = {
			isa = PBXGroup;
			children = (
				509F6E763F46F70BB38EF19A /* Pods-SZH_CameraDemo.debug.xcconfig */,
				17749EB1B599DC1EC71518A4 /* Pods-SZH_CameraDemo.release.xcconfig */,
			);
			name = Pods;
			sourceTree = "<group>";
		};
		F1AFBBF224CC43FCF959A76B /* Frameworks */ = {
			isa = PBXGroup;
			children = (
				5916ABE7E844B97B422834A6 /* libPods-SZH_CameraDemo.a */,
			);
			name = Frameworks;
			sourceTree = "<group>";
		};
/* End PBXGroup section */

/* Begin PBXNativeTarget section */
		A6689CB41F6A55080024BFBE /* SZH_CameraDemo */ = {
			isa = PBXNativeTarget;
			buildConfigurationList = A6689CE21F6A55080024BFBE /* Build configuration list for PBXNativeTarget "SZH_CameraDemo" */;
			buildPhases = (
				7C95DA8EC613F750AEAC7EEC /* [CP] Check Pods Manifest.lock */,
				A6689CB11F6A55080024BFBE /* Sources */,
				A6689CB21F6A55080024BFBE /* Frameworks */,
				A6689CB31F6A55080024BFBE /* Resources */,
				B868BED95CE2847F44F2815B /* [CP] Embed Pods Frameworks */,
				2F9B02108EA75B00A2FDB5F4 /* [CP] Copy Pods Resources */,
			);
			buildRules = (
			);
			dependencies = (
			);
			name = SZH_CameraDemo;
			productName = SZH_CameraDemo;
			productReference = A6689CB51F6A55080024BFBE /* SZH_CameraDemo.app */;
			productType = "com.apple.product-type.application";
		};
		A6689CCD1F6A55080024BFBE /* SZH_CameraDemoTests */ = {
			isa = PBXNativeTarget;
			buildConfigurationList = A6689CE51F6A55080024BFBE /* Build configuration list for PBXNativeTarget "SZH_CameraDemoTests" */;
			buildPhases = (
				A6689CCA1F6A55080024BFBE /* Sources */,
				A6689CCB1F6A55080024BFBE /* Frameworks */,
				A6689CCC1F6A55080024BFBE /* Resources */,
			);
			buildRules = (
			);
			dependencies = (
				A6689CD01F6A55080024BFBE /* PBXTargetDependency */,
			);
			name = SZH_CameraDemoTests;
			productName = SZH_CameraDemoTests;
			productReference = A6689CCE1F6A55080024BFBE /* SZH_CameraDemoTests.xctest */;
			productType = "com.apple.product-type.bundle.unit-test";
		};
		A6689CD81F6A55080024BFBE /* SZH_CameraDemoUITests */ = {
			isa = PBXNativeTarget;
			buildConfigurationList = A6689CE81F6A55080024BFBE /* Build configuration list for PBXNativeTarget "SZH_CameraDemoUITests" */;
			buildPhases = (
				A6689CD51F6A55080024BFBE /* Sources */,
				A6689CD61F6A55080024BFBE /* Frameworks */,
				A6689CD71F6A55080024BFBE /* Resources */,
			);
			buildRules = (
			);
			dependencies = (
				A6689CDB1F6A55080024BFBE /* PBXTargetDependency */,
			);
			name = SZH_CameraDemoUITests;
			productName = SZH_CameraDemoUITests;
			productReference = A6689CD91F6A55080024BFBE /* SZH_CameraDemoUITests.xctest */;
			productType = "com.apple.product-type.bundle.ui-testing";
		};
/* End PBXNativeTarget section */

/* Begin PBXProject section */
		A6689CAD1F6A55080024BFBE /* Project object */ = {
			isa = PBXProject;
			attributes = {
				LastUpgradeCheck = 0830;
				ORGANIZATIONNAME = "智衡宋";
				TargetAttributes = {
					A6689CB41F6A55080024BFBE = {
						CreatedOnToolsVersion = 8.3.3;
						DevelopmentTeam = K9LCV5Z527;
						ProvisioningStyle = Automatic;
					};
					A6689CCD1F6A55080024BFBE = {
						CreatedOnToolsVersion = 8.3.3;
						ProvisioningStyle = Automatic;
						TestTargetID = A6689CB41F6A55080024BFBE;
					};
					A6689CD81F6A55080024BFBE = {
						CreatedOnToolsVersion = 8.3.3;
						ProvisioningStyle = Automatic;
						TestTargetID = A6689CB41F6A55080024BFBE;
					};
				};
			};
			buildConfigurationList = A6689CB01F6A55080024BFBE /* Build configuration list for PBXProject "SZH_CameraDemo" */;
			compatibilityVersion = "Xcode 3.2";
			developmentRegion = English;
			hasScannedForEncodings = 0;
			knownRegions = (
				en,
				Base,
			);
			mainGroup = A6689CAC1F6A55080024BFBE;
			productRefGroup = A6689CB61F6A55080024BFBE /* Products */;
			projectDirPath = "";
			projectRoot = "";
			targets = (
				A6689CB41F6A55080024BFBE /* SZH_CameraDemo */,
				A6689CCD1F6A55080024BFBE /* SZH_CameraDemoTests */,
				A6689CD81F6A55080024BFBE /* SZH_CameraDemoUITests */,
			);
		};
/* End PBXProject section */

/* Begin PBXResourcesBuildPhase section */
		A6689CB31F6A55080024BFBE /* Resources */ = {
			isa = PBXResourcesBuildPhase;
			buildActionMask = 2147483647;
			files = (
				A6689CC81F6A55080024BFBE /* LaunchScreen.storyboard in Resources */,
				A6689CC51F6A55080024BFBE /* Assets.xcassets in Resources */,
				A6689CC31F6A55080024BFBE /* Main.storyboard in Resources */,
			);
			runOnlyForDeploymentPostprocessing = 0;
		};
		A6689CCC1F6A55080024BFBE /* Resources */ = {
			isa = PBXResourcesBuildPhase;
			buildActionMask = 2147483647;
			files = (
			);
			runOnlyForDeploymentPostprocessing = 0;
		};
		A6689CD71F6A55080024BFBE /* Resources */ = {
			isa = PBXResourcesBuildPhase;
			buildActionMask = 2147483647;
			files = (
			);
			runOnlyForDeploymentPostprocessing = 0;
		};
/* End PBXResourcesBuildPhase section */

/* Begin PBXShellScriptBuildPhase section */
		2F9B02108EA75B00A2FDB5F4 /* [CP] Copy Pods Resources */ = {
			isa = PBXShellScriptBuildPhase;
			buildActionMask = 2147483647;
			files = (
			);
			inputPaths = (
			);
			name = "[CP] Copy Pods Resources";
			outputPaths = (
			);
			runOnlyForDeploymentPostprocessing = 0;
			shellPath = /bin/sh;
			shellScript = "\"${SRCROOT}/Pods/Target Support Files/Pods-SZH_CameraDemo/Pods-SZH_CameraDemo-resources.sh\"\n";
			showEnvVarsInLog = 0;
		};
		7C95DA8EC613F750AEAC7EEC /* [CP] Check Pods Manifest.lock */ = {
			isa = PBXShellScriptBuildPhase;
			buildActionMask = 2147483647;
			files = (
			);
			inputPaths = (
			);
			name = "[CP] Check Pods Manifest.lock";
			outputPaths = (
			);
			runOnlyForDeploymentPostprocessing = 0;
			shellPath = /bin/sh;
			shellScript = "diff \"${PODS_PODFILE_DIR_PATH}/Podfile.lock\" \"${PODS_ROOT}/Manifest.lock\" > /dev/null\nif [ $? != 0 ] ; then\n    # print error to STDERR\n    echo \"error: The sandbox is not in sync with the Podfile.lock. Run 'pod install' or update your CocoaPods installation.\" >&2\n    exit 1\nfi\n";
			showEnvVarsInLog = 0;
		};
		B868BED95CE2847F44F2815B /* [CP] Embed Pods Frameworks */ = {
			isa = PBXShellScriptBuildPhase;
			buildActionMask = 2147483647;
			files = (
			);
			inputPaths = (
			);
			name = "[CP] Embed Pods Frameworks";
			outputPaths = (
			);
			runOnlyForDeploymentPostprocessing = 0;
			shellPath = /bin/sh;
			shellScript = "\"${SRCROOT}/Pods/Target Support Files/Pods-SZH_CameraDemo/Pods-SZH_CameraDemo-frameworks.sh\"\n";
			showEnvVarsInLog = 0;
		};
/* End PBXShellScriptBuildPhase section */

/* Begin PBXSourcesBuildPhase section */
		A6689CB11F6A55080024BFBE /* Sources */ = {
			isa = PBXSourcesBuildPhase;
			buildActionMask = 2147483647;
			files = (
				A6689CC01F6A55080024BFBE /* ViewController.m in Sources */,
				A6689CBD1F6A55080024BFBE /* AppDelegate.m in Sources */,
				A6689CBA1F6A55080024BFBE /* main.m in Sources */,
				A6C31E361F6B5BA000A11A6E /* AVCaptureCustomPreview.m in Sources */,
			);
			runOnlyForDeploymentPostprocessing = 0;
		};
		A6689CCA1F6A55080024BFBE /* Sources */ = {
			isa = PBXSourcesBuildPhase;
			buildActionMask = 2147483647;
			files = (
				A6689CD31F6A55080024BFBE /* SZH_CameraDemoTests.m in Sources */,
			);
			runOnlyForDeploymentPostprocessing = 0;
		};
		A6689CD51F6A55080024BFBE /* Sources */ = {
			isa = PBXSourcesBuildPhase;
			buildActionMask = 2147483647;
			files = (
				A6689CDE1F6A55080024BFBE /* SZH_CameraDemoUITests.m in Sources */,
			);
			runOnlyForDeploymentPostprocessing = 0;
		};
/* End PBXSourcesBuildPhase section */

/* Begin PBXTargetDependency section */
		A6689CD01F6A55080024BFBE /* PBXTargetDependency */ = {
			isa = PBXTargetDependency;
			target = A6689CB41F6A55080024BFBE /* SZH_CameraDemo */;
			targetProxy = A6689CCF1F6A55080024BFBE /* PBXContainerItemProxy */;
		};
		A6689CDB1F6A55080024BFBE /* PBXTargetDependency */ = {
			isa = PBXTargetDependency;
			target = A6689CB41F6A55080024BFBE /* SZH_CameraDemo */;
			targetProxy = A6689CDA1F6A55080024BFBE /* PBXContainerItemProxy */;
		};
/* End PBXTargetDependency section */

/* Begin PBXVariantGroup section */
		A6689CC11F6A55080024BFBE /* Main.storyboard */ = {
			isa = PBXVariantGroup;
			children = (
				A6689CC21F6A55080024BFBE /* Base */,
			);
			name = Main.storyboard;
			sourceTree = "<group>";
		};
		A6689CC61F6A55080024BFBE /* LaunchScreen.storyboard */ = {
			isa = PBXVariantGroup;
			children = (
				A6689CC71F6A55080024BFBE /* Base */,
			);
			name = LaunchScreen.storyboard;
			sourceTree = "<group>";
		};
/* End PBXVariantGroup section */

/* Begin XCBuildConfiguration section */
		A6689CE01F6A55080024BFBE /* Debug */ = {
			isa = XCBuildConfiguration;
			buildSettings = {
				ALWAYS_SEARCH_USER_PATHS = NO;
				CLANG_ANALYZER_NONNULL = YES;
				CLANG_ANALYZER_NUMBER_OBJECT_CONVERSION = YES_AGGRESSIVE;
				CLANG_CXX_LANGUAGE_STANDARD = "gnu++0x";
				CLANG_CXX_LIBRARY = "libc++";
				CLANG_ENABLE_MODULES = YES;
				CLANG_ENABLE_OBJC_ARC = YES;
				CLANG_WARN_BOOL_CONVERSION = YES;
				CLANG_WARN_CONSTANT_CONVERSION = YES;
				CLANG_WARN_DIRECT_OBJC_ISA_USAGE = YES_ERROR;
				CLANG_WARN_DOCUMENTATION_COMMENTS = YES;
				CLANG_WARN_EMPTY_BODY = YES;
				CLANG_WARN_ENUM_CONVERSION = YES;
				CLANG_WARN_INFINITE_RECURSION = YES;
				CLANG_WARN_INT_CONVERSION = YES;
				CLANG_WARN_OBJC_ROOT_CLASS = YES_ERROR;
				CLANG_WARN_SUSPICIOUS_MOVE = YES;
				CLANG_WARN_UNREACHABLE_CODE = YES;
				CLANG_WARN__DUPLICATE_METHOD_MATCH = YES;
				"CODE_SIGN_IDENTITY[sdk=iphoneos*]" = "iPhone Developer";
				COPY_PHASE_STRIP = NO;
				DEBUG_INFORMATION_FORMAT = dwarf;
				ENABLE_STRICT_OBJC_MSGSEND = YES;
				ENABLE_TESTABILITY = YES;
				GCC_C_LANGUAGE_STANDARD = gnu99;
				GCC_DYNAMIC_NO_PIC = NO;
				GCC_NO_COMMON_BLOCKS = YES;
				GCC_OPTIMIZATION_LEVEL = 0;
				GCC_PREPROCESSOR_DEFINITIONS = (
					"DEBUG=1",
					"$(inherited)",
				);
				GCC_WARN_64_TO_32_BIT_CONVERSION = YES;
				GCC_WARN_ABOUT_RETURN_TYPE = YES_ERROR;
				GCC_WARN_UNDECLARED_SELECTOR = YES;
				GCC_WARN_UNINITIALIZED_AUTOS = YES_AGGRESSIVE;
				GCC_WARN_UNUSED_FUNCTION = YES;
				GCC_WARN_UNUSED_VARIABLE = YES;
				IPHONEOS_DEPLOYMENT_TARGET = 10.3;
				MTL_ENABLE_DEBUG_INFO = YES;
				ONLY_ACTIVE_ARCH = YES;
				SDKROOT = iphoneos;
			};
			name = Debug;
		};
		A6689CE11F6A55080024BFBE /* Release */ = {
			isa = XCBuildConfiguration;
			buildSettings = {
				ALWAYS_SEARCH_USER_PATHS = NO;
				CLANG_ANALYZER_NONNULL = YES;
				CLANG_ANALYZER_NUMBER_OBJECT_CONVERSION = YES_AGGRESSIVE;
				CLANG_CXX_LANGUAGE_STANDARD = "gnu++0x";
				CLANG_CXX_LIBRARY = "libc++";
				CLANG_ENABLE_MODULES = YES;
				CLANG_ENABLE_OBJC_ARC = YES;
				CLANG_WARN_BOOL_CONVERSION = YES;
				CLANG_WARN_CONSTANT_CONVERSION = YES;
				CLANG_WARN_DIRECT_OBJC_ISA_USAGE = YES_ERROR;
				CLANG_WARN_DOCUMENTATION_COMMENTS = YES;
				CLANG_WARN_EMPTY_BODY = YES;
				CLANG_WARN_ENUM_CONVERSION = YES;
				CLANG_WARN_INFINITE_RECURSION = YES;
				CLANG_WARN_INT_CONVERSION = YES;
				CLANG_WARN_OBJC_ROOT_CLASS = YES_ERROR;
				CLANG_WARN_SUSPICIOUS_MOVE = YES;
				CLANG_WARN_UNREACHABLE_CODE = YES;
				CLANG_WARN__DUPLICATE_METHOD_MATCH = YES;
				"CODE_SIGN_IDENTITY[sdk=iphoneos*]" = "iPhone Developer";
				COPY_PHASE_STRIP = NO;
				DEBUG_INFORMATION_FORMAT = "dwarf-with-dsym";
				ENABLE_NS_ASSERTIONS = NO;
				ENABLE_STRICT_OBJC_MSGSEND = YES;
				GCC_C_LANGUAGE_STANDARD = gnu99;
				GCC_NO_COMMON_BLOCKS = YES;
				GCC_WARN_64_TO_32_BIT_CONVERSION = YES;
				GCC_WARN_ABOUT_RETURN_TYPE = YES_ERROR;
				GCC_WARN_UNDECLARED_SELECTOR = YES;
				GCC_WARN_UNINITIALIZED_AUTOS = YES_AGGRESSIVE;
				GCC_WARN_UNUSED_FUNCTION = YES;
				GCC_WARN_UNUSED_VARIABLE = YES;
				IPHONEOS_DEPLOYMENT_TARGET = 10.3;
				MTL_ENABLE_DEBUG_INFO = NO;
				SDKROOT = iphoneos;
				VALIDATE_PRODUCT = YES;
			};
			name = Release;
		};
		A6689CE31F6A55080024BFBE /* Debug */ = {
			isa = XCBuildConfiguration;
			baseConfigurationReference = 509F6E763F46F70BB38EF19A /* Pods-SZH_CameraDemo.debug.xcconfig */;
			buildSettings = {
				ASSETCATALOG_COMPILER_APPICON_NAME = AppIcon;
				DEVELOPMENT_TEAM = K9LCV5Z527;
				INFOPLIST_FILE = SZH_CameraDemo/Info.plist;
				IPHONEOS_DEPLOYMENT_TARGET = 8.0;
				LD_RUNPATH_SEARCH_PATHS = "$(inherited) @executable_path/Frameworks";
				PRODUCT_BUNDLE_IDENTIFIER = com.bizhibn.cgqbiz;
				PRODUCT_NAME = "$(TARGET_NAME)";
			};
			name = Debug;
		};
		A6689CE41F6A55080024BFBE /* Release */ = {
			isa = XCBuildConfiguration;
			baseConfigurationReference = 17749EB1B599DC1EC71518A4 /* Pods-SZH_CameraDemo.release.xcconfig */;
			buildSettings = {
				ASSETCATALOG_COMPILER_APPICON_NAME = AppIcon;
				DEVELOPMENT_TEAM = K9LCV5Z527;
				INFOPLIST_FILE = SZH_CameraDemo/Info.plist;
				IPHONEOS_DEPLOYMENT_TARGET = 8.0;
				LD_RUNPATH_SEARCH_PATHS = "$(inherited) @executable_path/Frameworks";
				PRODUCT_BUNDLE_IDENTIFIER = com.bizhibn.cgqbiz;
				PRODUCT_NAME = "$(TARGET_NAME)";
			};
			name = Release;
		};
		A6689CE61F6A55080024BFBE /* Debug */ = {
			isa = XCBuildConfiguration;
			buildSettings = {
				BUNDLE_LOADER = "$(TEST_HOST)";
				INFOPLIST_FILE = SZH_CameraDemoTests/Info.plist;
				LD_RUNPATH_SEARCH_PATHS = "$(inherited) @executable_path/Frameworks @loader_path/Frameworks";
				PRODUCT_BUNDLE_IDENTIFIER = "BibaoBaseUsing.SZH-CameraDemoTests";
				PRODUCT_NAME = "$(TARGET_NAME)";
				TEST_HOST = "$(BUILT_PRODUCTS_DIR)/SZH_CameraDemo.app/SZH_CameraDemo";
			};
			name = Debug;
		};
		A6689CE71F6A55080024BFBE /* Release */ = {
			isa = XCBuildConfiguration;
			buildSettings = {
				BUNDLE_LOADER = "$(TEST_HOST)";
				INFOPLIST_FILE = SZH_CameraDemoTests/Info.plist;
				LD_RUNPATH_SEARCH_PATHS = "$(inherited) @executable_path/Frameworks @loader_path/Frameworks";
				PRODUCT_BUNDLE_IDENTIFIER = "BibaoBaseUsing.SZH-CameraDemoTests";
				PRODUCT_NAME = "$(TARGET_NAME)";
				TEST_HOST = "$(BUILT_PRODUCTS_DIR)/SZH_CameraDemo.app/SZH_CameraDemo";
			};
			name = Release;
		};
		A6689CE91F6A55080024BFBE /* Debug */ = {
			isa = XCBuildConfiguration;
			buildSettings = {
				INFOPLIST_FILE = SZH_CameraDemoUITests/Info.plist;
				LD_RUNPATH_SEARCH_PATHS = "$(inherited) @executable_path/Frameworks @loader_path/Frameworks";
				PRODUCT_BUNDLE_IDENTIFIER = "BibaoBaseUsing.SZH-CameraDemoUITests";
				PRODUCT_NAME = "$(TARGET_NAME)";
				TEST_TARGET_NAME = SZH_CameraDemo;
			};
			name = Debug;
		};
		A6689CEA1F6A55080024BFBE /* Release */ = {
			isa = XCBuildConfiguration;
			buildSettings = {
				INFOPLIST_FILE = SZH_CameraDemoUITests/Info.plist;
				LD_RUNPATH_SEARCH_PATHS = "$(inherited) @executable_path/Frameworks @loader_path/Frameworks";
				PRODUCT_BUNDLE_IDENTIFIER = "BibaoBaseUsing.SZH-CameraDemoUITests";
				PRODUCT_NAME = "$(TARGET_NAME)";
				TEST_TARGET_NAME = SZH_CameraDemo;
			};
			name = Release;
		};
/* End XCBuildConfiguration section */

/* Begin XCConfigurationList section */
		A6689CB01F6A55080024BFBE /* Build configuration list for PBXProject "SZH_CameraDemo" */ = {
			isa = XCConfigurationList;
			buildConfigurations = (
				A6689CE01F6A55080024BFBE /* Debug */,
				A6689CE11F6A55080024BFBE /* Release */,
			);
			defaultConfigurationIsVisible = 0;
			defaultConfigurationName = Release;
		};
		A6689CE21F6A55080024BFBE /* Build configuration list for PBXNativeTarget "SZH_CameraDemo" */ = {
			isa = XCConfigurationList;
			buildConfigurations = (
				A6689CE31F6A55080024BFBE /* Debug */,
				A6689CE41F6A55080024BFBE /* Release */,
			);
			defaultConfigurationIsVisible = 0;
			defaultConfigurationName = Release;
		};
		A6689CE51F6A55080024BFBE /* Build configuration list for PBXNativeTarget "SZH_CameraDemoTests" */ = {
			isa = XCConfigurationList;
			buildConfigurations = (
				A6689CE61F6A55080024BFBE /* Debug */,
				A6689CE71F6A55080024BFBE /* Release */,
			);
			defaultConfigurationIsVisible = 0;
			defaultConfigurationName = Release;
		};
		A6689CE81F6A55080024BFBE /* Build configuration list for PBXNativeTarget "SZH_CameraDemoUITests" */ = {
			isa = XCConfigurationList;
			buildConfigurations = (
				A6689CE91F6A55080024BFBE /* Debug */,
				A6689CEA1F6A55080024BFBE /* Release */,
			);
			defaultConfigurationIsVisible = 0;
			defaultConfigurationName = Release;
		};
/* End XCConfigurationList section */
	};
	rootObject = A6689CAD1F6A55080024BFBE /* Project object */;
}
